
Microsoft Visual Studio Solution File, Format Version 12.00
# Visual Studio Version 17
VisualStudioVersion = 17.1.32421.90
MinimumVisualStudioVersion = 10.0.40219.1
Project("{9A19103F-16F7-4668-BE54-9A1E7A4F7556}") = "Abitizer", "Abitizer\Abitizer.csproj", "{550E7903-5488-4AA0-BF49-32FF9FDD6391}"
EndProject
Global
	GlobalSection(SolutionConfigurationPlatforms) = preSolution
		Debug|Any CPU = Debug|Any CPU
		Release|Any CPU = Release|Any CPU
	EndGlobalSection
	GlobalSection(ProjectConfigurationPlatforms) = postSolution
		{550E7903-5488-4AA0-BF49-32FF9FDD6391}.Debug|Any CPU.ActiveCfg = Debug|Any CPU
		{550E7903-5488-4AA0-BF49-32FF9FDD6391}.Debug|Any CPU.Build.0 = Debug|Any CPU
		{550E7903-5488-4AA0-BF49-32FF9FDD6391}.Release|Any CPU.ActiveCfg = Release|Any CPU
		{550E7903-5488-4AA0-BF49-32FF9FDD6391}.Release|Any CPU.Build.0 = Release|Any CPU
	EndGlobalSection
	GlobalSection(SolutionProperties) = preSolution
		HideSolutionNode = FALSE
	EndGlobalSection
	GlobalSection(ExtensibilityGlobals) = postSolution
		SolutionGuid = {4BCAC5F7-E268-471A-A2C8-139D2662F590}
	EndGlobalSection
EndGlobal
